// !$*UTF8*$!
{
	archiveVersion = 1;
	classes = {
	};
	objectVersion = 46;
	objects = {

/* Begin PBXBuildFile section */
		2FE03E341D1A38EC0033813D /* AppDelegate.swift in Sources */ = {isa = PBXBuildFile; fileRef = 2FE03E331D1A38EC0033813D /* AppDelegate.swift */; };
		2FE03E361D1A38EC0033813D /* ViewController.swift in Sources */ = {isa = PBXBuildFile; fileRef = 2FE03E351D1A38EC0033813D /* ViewController.swift */; };
		2FE03E391D1A38EC0033813D /* Main.storyboard in Resources */ = {isa = PBXBuildFile; fileRef = 2FE03E371D1A38EC0033813D /* Main.storyboard */; };
		2FE03E3C1D1A38EC0033813D /* Multiples.xcdatamodeld in Sources */ = {isa = PBXBuildFile; fileRef = 2FE03E3A1D1A38EC0033813D /* Multiples.xcdatamodeld */; };
		2FE03E3E1D1A38EC0033813D /* Assets.xcassets in Resources */ = {isa = PBXBuildFile; fileRef = 2FE03E3D1D1A38EC0033813D /* Assets.xcassets */; };
		2FE03E411D1A38EC0033813D /* LaunchScreen.storyboard in Resources */ = {isa = PBXBuildFile; fileRef = 2FE03E3F1D1A38EC0033813D /* LaunchScreen.storyboard */; };
		2FE03E4C1D1A38EC0033813D /* MultiplesTests.swift in Sources */ = {isa = PBXBuildFile; fileRef = 2FE03E4B1D1A38EC0033813D /* MultiplesTests.swift */; };
		2FE03E571D1A38EC0033813D /* MultiplesUITests.swift in Sources */ = {isa = PBXBuildFile; fileRef = 2FE03E561D1A38EC0033813D /* MultiplesUITests.swift */; };
/* End PBXBuildFile section */

/* Begin PBXContainerItemProxy section */
		2FE03E481D1A38EC0033813D /* PBXContainerItemProxy */ = {
			isa = PBXContainerItemProxy;
			containerPortal = 2FE03E281D1A38EC0033813D /* Project object */;
			proxyType = 1;
			remoteGlobalIDString = 2FE03E2F1D1A38EC0033813D;
			remoteInfo = Multiples;
		};
		2FE03E531D1A38EC0033813D /* PBXContainerItemProxy */ = {
			isa = PBXContainerItemProxy;
			containerPortal = 2FE03E281D1A38EC0033813D /* Project object */;
			proxyType = 1;
			remoteGlobalIDString = 2FE03E2F1D1A38EC0033813D;
			remoteInfo = Multiples;
		};
/* End PBXContainerItemProxy section */

/* Begin PBXFileReference section */
		2FE03E301D1A38EC0033813D /* Multiples.app */ = {isa = PBXFileReference; explicitFileType = wrapper.application; includeInIndex = 0; path = Multiples.app; sourceTree = BUILT_PRODUCTS_DIR; };
		2FE03E331D1A38EC0033813D /* AppDelegate.swift */ = {isa = PBXFileReference; lastKnownFileType = sourcecode.swift; path = AppDelegate.swift; sourceTree = "<group>"; };
		2FE03E351D1A38EC0033813D /* ViewController.swift */ = {isa = PBXFileReference; lastKnownFileType = sourcecode.swift; path = ViewController.swift; sourceTree = "<group>"; };
		2FE03E381D1A38EC0033813D /* Base */ = {isa = PBXFileReference; lastKnownFileType = file.storyboard; name = Base; path = Base.lproj/Main.storyboard; sourceTree = "<group>"; };
		2FE03E3B1D1A38EC0033813D /* Multiples.xcdatamodel */ = {isa = PBXFileReference; lastKnownFileType = wrapper.xcdatamodel; path = Multiples.xcdatamodel; sourceTree = "<group>"; };
		2FE03E3D1D1A38EC0033813D /* Assets.xcassets */ = {isa = PBXFileReference; lastKnownFileType = folder.assetcatalog; path = Assets.xcassets; sourceTree = "<group>"; };
		2FE03E401D1A38EC0033813D /* Base */ = {isa = PBXFileReference; lastKnownFileType = file.storyboard; name = Base; path = Base.lproj/LaunchScreen.storyboard; sourceTree = "<group>"; };
		2FE03E421D1A38EC0033813D /* Info.plist */ = {isa = PBXFileReference; lastKnownFileType = text.plist.xml; path = Info.plist; sourceTree = "<group>"; };
		2FE03E471D1A38EC0033813D /* MultiplesTests.xctest */ = {isa = PBXFileReference; explicitFileType = wrapper.cfbundle; includeInIndex = 0; path = MultiplesTests.xctest; sourceTree = BUILT_PRODUCTS_DIR; };
		2FE03E4B1D1A38EC0033813D /* MultiplesTests.swift */ = {isa = PBXFileReference; lastKnownFileType = sourcecode.swift; path = MultiplesTests.swift; sourceTree = "<group>"; };
		2FE03E4D1D1A38EC0033813D /* Info.plist */ = {isa = PBXFileReference; lastKnownFileType = text.plist.xml; path = Info.plist; sourceTree = "<group>"; };
		2FE03E521D1A38EC0033813D /* MultiplesUITests.xctest */ = {isa = PBXFileReference; explicitFileType = wrapper.cfbundle; includeInIndex = 0; path = MultiplesUITests.xctest; sourceTree = BUILT_PRODUCTS_DIR; };
		2FE03E561D1A38EC0033813D /* MultiplesUITests.swift */ = {isa = PBXFileReference; lastKnownFileType = sourcecode.swift; path = MultiplesUITests.swift; sourceTree = "<group>"; };
		2FE03E581D1A38EC0033813D /* Info.plist */ = {isa = PBXFileReference; lastKnownFileType = text.plist.xml; path = Info.plist; sourceTree = "<group>"; };
/* End PBXFileReference section */

/* Begin PBXFrameworksBuildPhase section */
		2FE03E2D1D1A38EC0033813D /* Frameworks */ = {
			isa = PBXFrameworksBuildPhase;
			buildActionMask = 2147483647;
			files = (
			);
			runOnlyForDeploymentPostprocessing = 0;
		};
		2FE03E441D1A38EC0033813D /* Frameworks */ = {
			isa = PBXFrameworksBuildPhase;
			buildActionMask = 2147483647;
			files = (
			);
			runOnlyForDeploymentPostprocessing = 0;
		};
		2FE03E4F1D1A38EC0033813D /* Frameworks */ = {
			isa = PBXFrameworksBuildPhase;
			buildActionMask = 2147483647;
			files = (
			);
			runOnlyForDeploymentPostprocessing = 0;
		};
/* End PBXFrameworksBuildPhase section */

/* Begin PBXGroup section */
		2FE03E271D1A38EC0033813D = {
			isa = PBXGroup;
			children = (
				2FE03E321D1A38EC0033813D /* Multiples */,
				2FE03E4A1D1A38EC0033813D /* MultiplesTests */,
				2FE03E551D1A38EC0033813D /* MultiplesUITests */,
				2FE03E311D1A38EC0033813D /* Products */,
			);
			sourceTree = "<group>";
		};
		2FE03E311D1A38EC0033813D /* Products */ = {
			isa = PBXGroup;
			children = (
				2FE03E301D1A38EC0033813D /* Multiples.app */,
				2FE03E471D1A38EC0033813D /* MultiplesTests.xctest */,
				2FE03E521D1A38EC0033813D /* MultiplesUITests.xctest */,
			);
			name = Products;
			sourceTree = "<group>";
		};
		2FE03E321D1A38EC0033813D /* Multiples */ = {
			isa = PBXGroup;
			children = (
				2FE03E331D1A38EC0033813D /* AppDelegate.swift */,
				2FE03E351D1A38EC0033813D /* ViewController.swift */,
				2FE03E371D1A38EC0033813D /* Main.storyboard */,
				2FE03E3D1D1A38EC0033813D /* Assets.xcassets */,
				2FE03E3F1D1A38EC0033813D /* LaunchScreen.storyboard */,
				2FE03E421D1A38EC0033813D /* Info.plist */,
				2FE03E3A1D1A38EC0033813D /* Multiples.xcdatamodeld */,
			);
			path = Multiples;
			sourceTree = "<group>";
		};
		2FE03E4A1D1A38EC0033813D /* MultiplesTests */ = {
			isa = PBXGroup;
			children = (
				2FE03E4B1D1A38EC0033813D /* MultiplesTests.swift */,
				2FE03E4D1D1A38EC0033813D /* Info.plist */,
			);
			path = MultiplesTests;
			sourceTree = "<group>";
		};
		2FE03E551D1A38EC0033813D /* MultiplesUITests */ = {
			isa = PBXGroup;
			children = (
				2FE03E561D1A38EC0033813D /* MultiplesUITests.swift */,
				2FE03E581D1A38EC0033813D /* Info.plist */,
			);
			path = MultiplesUITests;
			sourceTree = "<group>";
		};
/* End PBXGroup section */

/* Begin PBXNativeTarget section */
		2FE03E2F1D1A38EC0033813D /* Multiples */ = {
			isa = PBXNativeTarget;
			buildConfigurationList = 2FE03E5B1D1A38EC0033813D /* Build configuration list for PBXNativeTarget "Multiples" */;
			buildPhases = (
				2FE03E2C1D1A38EC0033813D /* Sources */,
				2FE03E2D1D1A38EC0033813D /* Frameworks */,
				2FE03E2E1D1A38EC0033813D /* Resources */,
			);
			buildRules = (
			);
			dependencies = (
			);
			name = Multiples;
			productName = Multiples;
			productReference = 2FE03E301D1A38EC0033813D /* Multiples.app */;
			productType = "com.apple.product-type.application";
		};
		2FE03E461D1A38EC0033813D /* MultiplesTests */ = {
			isa = PBXNativeTarget;
			buildConfigurationList = 2FE03E5E1D1A38EC0033813D /* Build configuration list for PBXNativeTarget "MultiplesTests" */;
			buildPhases = (
				2FE03E431D1A38EC0033813D /* Sources */,
				2FE03E441D1A38EC0033813D /* Frameworks */,
				2FE03E451D1A38EC0033813D /* Resources */,
			);
			buildRules = (
			);
			dependencies = (
				2FE03E491D1A38EC0033813D /* PBXTargetDependency */,
			);
			name = MultiplesTests;
			productName = MultiplesTests;
			productReference = 2FE03E471D1A38EC0033813D /* MultiplesTests.xctest */;
			productType = "com.apple.product-type.bundle.unit-test";
		};
		2FE03E511D1A38EC0033813D /* MultiplesUITests */ = {
			isa = PBXNativeTarget;
			buildConfigurationList = 2FE03E611D1A38EC0033813D /* Build configuration list for PBXNativeTarget "MultiplesUITests" */;
			buildPhases = (
				2FE03E4E1D1A38EC0033813D /* Sources */,
				2FE03E4F1D1A38EC0033813D /* Frameworks */,
				2FE03E501D1A38EC0033813D /* Resources */,
			);
			buildRules = (
			);
			dependencies = (
				2FE03E541D1A38EC0033813D /* PBXTargetDependency */,
			);
			name = MultiplesUITests;
			productName = MultiplesUITests;
			productReference = 2FE03E521D1A38EC0033813D /* MultiplesUITests.xctest */;
			productType = "com.apple.product-type.bundle.ui-testing";
		};
/* End PBXNativeTarget section */

/* Begin PBXProject section */
		2FE03E281D1A38EC0033813D /* Project object */ = {
			isa = PBXProject;
			attributes = {
				LastUpgradeCheck = 0700;
				ORGANIZATIONNAME = "Vignesh Kumar Rajasekaran";
				TargetAttributes = {
					2FE03E2F1D1A38EC0033813D = {
						CreatedOnToolsVersion = 7.0.1;
					};
					2FE03E461D1A38EC0033813D = {
						CreatedOnToolsVersion = 7.0.1;
						TestTargetID = 2FE03E2F1D1A38EC0033813D;
					};
					2FE03E511D1A38EC0033813D = {
						CreatedOnToolsVersion = 7.0.1;
						TestTargetID = 2FE03E2F1D1A38EC0033813D;
					};
				};
			};
			buildConfigurationList = 2FE03E2B1D1A38EC0033813D /* Build configuration list for PBXProject "Multiples" */;
			compatibilityVersion = "Xcode 3.2";
			developmentRegion = English;
			hasScannedForEncodings = 0;
			knownRegions = (
				en,
				Base,
			);
			mainGroup = 2FE03E271D1A38EC0033813D;
			productRefGroup = 2FE03E311D1A38EC0033813D /* Products */;
			projectDirPath = "";
			projectRoot = "";
			targets = (
				2FE03E2F1D1A38EC0033813D /* Multiples */,
				2FE03E461D1A38EC0033813D /* MultiplesTests */,
				2FE03E511D1A38EC0033813D /* MultiplesUITests */,
			);
		};
/* End PBXProject section */

/* Begin PBXResourcesBuildPhase section */
		2FE03E2E1D1A38EC0033813D /* Resources */ = {
			isa = PBXResourcesBuildPhase;
			buildActionMask = 2147483647;
			files = (
				2FE03E411D1A38EC0033813D /* LaunchScreen.storyboard in Resources */,
				2FE03E3E1D1A38EC0033813D /* Assets.xcassets in Resources */,
				2FE03E391D1A38EC0033813D /* Main.storyboard in Resources */,
			);
			runOnlyForDeploymentPostprocessing = 0;
		};
		2FE03E451D1A38EC0033813D /* Resources */ = {
			isa = PBXResourcesBuildPhase;
			buildActionMask = 2147483647;
			files = (
			);
			runOnlyForDeploymentPostprocessing = 0;
		};
		2FE03E501D1A38EC0033813D /* Resources */ = {
			isa = PBXResourcesBuildPhase;
			buildActionMask = 2147483647;
			files = (
			);
			runOnlyForDeploymentPostprocessing = 0;
		};
/* End PBXResourcesBuildPhase section */

/* Begin PBXSourcesBuildPhase section */
		2FE03E2C1D1A38EC0033813D /* Sources */ = {
			isa = PBXSourcesBuildPhase;
			buildActionMask = 2147483647;
			files = (
				2FE03E3C1D1A38EC0033813D /* Multiples.xcdatamodeld in Sources */,
				2FE03E361D1A38EC0033813D /* ViewController.swift in Sources */,
				2FE03E341D1A38EC0033813D /* AppDelegate.swift in Sources */,
			);
			runOnlyForDeploymentPostprocessing = 0;
		};
		2FE03E431D1A38EC0033813D /* Sources */ = {
			isa = PBXSourcesBuildPhase;
			buildActionMask = 2147483647;
			files = (
				2FE03E4C1D1A38EC0033813D /* MultiplesTests.swift in Sources */,
			);
			runOnlyForDeploymentPostprocessing = 0;
		};
		2FE03E4E1D1A38EC0033813D /* Sources */ = {
			isa = PBXSourcesBuildPhase;
			buildActionMask = 2147483647;
			files = (
				2FE03E571D1A38EC0033813D /* MultiplesUITests.swift in Sources */,
			);
			runOnlyForDeploymentPostprocessing = 0;
		};
/* End PBXSourcesBuildPhase section */

/* Begin PBXTargetDependency section */
		2FE03E491D1A38EC0033813D /* PBXTargetDependency */ = {
			isa = PBXTargetDependency;
			target = 2FE03E2F1D1A38EC0033813D /* Multiples */;
			targetProxy = 2FE03E481D1A38EC0033813D /* PBXContainerItemProxy */;
		};
		2FE03E541D1A38EC0033813D /* PBXTargetDependency */ = {
			isa = PBXTargetDependency;
			target = 2FE03E2F1D1A38EC0033813D /* Multiples */;
			targetProxy = 2FE03E531D1A38EC0033813D /* PBXContainerItemProxy */;
		};
/* End PBXTargetDependency section */

/* Begin PBXVariantGroup section */
		2FE03E371D1A38EC0033813D /* Main.storyboard */ = {
			isa = PBXVariantGroup;
			children = (
				2FE03E381D1A38EC0033813D /* Base */,
			);
			name = Main.storyboard;
			sourceTree = "<group>";
		};
		2FE03E3F1D1A38EC0033813D /* LaunchScreen.storyboard */ = {
			isa = PBXVariantGroup;
			children = (
				2FE03E401D1A38EC0033813D /* Base */,
			);
			name = LaunchScreen.storyboard;
			sourceTree = "<group>";
		};
/* End PBXVariantGroup section */

/* Begin XCBuildConfiguration section */
		2FE03E591D1A38EC0033813D /* Debug */ = {
			isa = XCBuildConfiguration;
			buildSettings = {
				ALWAYS_SEARCH_USER_PATHS = NO;
				CLANG_CXX_LANGUAGE_STANDARD = "gnu++0x";
				CLANG_CXX_LIBRARY = "libc++";
				CLANG_ENABLE_MODULES = YES;
				CLANG_ENABLE_OBJC_ARC = YES;
				CLANG_WARN_BOOL_CONVERSION = YES;
				CLANG_WARN_CONSTANT_CONVERSION = YES;
				CLANG_WARN_DIRECT_OBJC_ISA_USAGE = YES_ERROR;
				CLANG_WARN_EMPTY_BODY = YES;
				CLANG_WARN_ENUM_CONVERSION = YES;
				CLANG_WARN_INT_CONVERSION = YES;
				CLANG_WARN_OBJC_ROOT_CLASS = YES_ERROR;
				CLANG_WARN_UNREACHABLE_CODE = YES;
				CLANG_WARN__DUPLICATE_METHOD_MATCH = YES;
				"CODE_SIGN_IDENTITY[sdk=iphoneos*]" = "iPhone Developer";
				COPY_PHASE_STRIP = NO;
				DEBUG_INFORMATION_FORMAT = dwarf;
				ENABLE_STRICT_OBJC_MSGSEND = YES;
				ENABLE_TESTABILITY = YES;
				GCC_C_LANGUAGE_STANDARD = gnu99;
				GCC_DYNAMIC_NO_PIC = NO;
				GCC_NO_COMMON_BLOCKS = YES;
				GCC_OPTIMIZATION_LEVEL = 0;
				GCC_PREPROCESSOR_DEFINITIONS = (
					"DEBUG=1",
					"$(inherited)",
				);
				GCC_WARN_64_TO_32_BIT_CONVERSION = YES;
				GCC_WARN_ABOUT_RETURN_TYPE = YES_ERROR;
				GCC_WARN_UNDECLARED_SELECTOR = YES;
				GCC_WARN_UNINITIALIZED_AUTOS = YES_AGGRESSIVE;
				GCC_WARN_UNUSED_FUNCTION = YES;
				GCC_WARN_UNUSED_VARIABLE = YES;
				IPHONEOS_DEPLOYMENT_TARGET = 9.0;
				MTL_ENABLE_DEBUG_INFO = YES;
				ONLY_ACTIVE_ARCH = YES;
				SDKROOT = iphoneos;
				SWIFT_OPTIMIZATION_LEVEL = "-Onone";
				TARGETED_DEVICE_FAMILY = "1,2";
			};
			name = Debug;
		};
		2FE03E5A1D1A38EC0033813D /* Release */ = {
			isa = XCBuildConfiguration;
			buildSettings = {
				ALWAYS_SEARCH_USER_PATHS = NO;
				CLANG_CXX_LANGUAGE_STANDARD = "gnu++0x";
				CLANG_CXX_LIBRARY = "libc++";
				CLANG_ENABLE_MODULES = YES;
				CLANG_ENABLE_OBJC_ARC = YES;
				CLANG_WARN_BOOL_CONVERSION = YES;
				CLANG_WARN_CONSTANT_CONVERSION = YES;
				CLANG_WARN_DIRECT_OBJC_ISA_USAGE = YES_ERROR;
				CLANG_WARN_EMPTY_BODY = YES;
				CLANG_WARN_ENUM_CONVERSION = YES;
				CLANG_WARN_INT_CONVERSION = YES;
				CLANG_WARN_OBJC_ROOT_CLASS = YES_ERROR;
				CLANG_WARN_UNREACHABLE_CODE = YES;
				CLANG_WARN__DUPLICATE_METHOD_MATCH = YES;
				"CODE_SIGN_IDENTITY[sdk=iphoneos*]" = "iPhone Developer";
				COPY_PHASE_STRIP = NO;
				DEBUG_INFORMATION_FORMAT = "dwarf-with-dsym";
				ENABLE_NS_ASSERTIONS = NO;
				ENABLE_STRICT_OBJC_MSGSEND = YES;
				GCC_C_LANGUAGE_STANDARD = gnu99;
				GCC_NO_COMMON_BLOCKS = YES;
				GCC_WARN_64_TO_32_BIT_CONVERSION = YES;
				GCC_WARN_ABOUT_RETURN_TYPE = YES_ERROR;
				GCC_WARN_UNDECLARED_SELECTOR = YES;
				GCC_WARN_UNINITIALIZED_AUTOS = YES_AGGRESSIVE;
				GCC_WARN_UNUSED_FUNCTION = YES;
				GCC_WARN_UNUSED_VARIABLE = YES;
				IPHONEOS_DEPLOYMENT_TARGET = 9.0;
				MTL_ENABLE_DEBUG_INFO = NO;
				SDKROOT = iphoneos;
				TARGETED_DEVICE_FAMILY = "1,2";
				VALIDATE_PRODUCT = YES;
			};
			name = Release;
		};
		2FE03E5C1D1A38EC0033813D /* Debug */ = {
			isa = XCBuildConfiguration;
			buildSettings = {
				ASSETCATALOG_COMPILER_APPICON_NAME = AppIcon;
				INFOPLIST_FILE = Multiples/Info.plist;
				LD_RUNPATH_SEARCH_PATHS = "$(inherited) @executable_path/Frameworks";
				PRODUCT_BUNDLE_IDENTIFIER = com.personal.Multiples;
				PRODUCT_NAME = "$(TARGET_NAME)";
			};
			name = Debug;
		};
		2FE03E5D1D1A38EC0033813D /* Release */ = {
			isa = XCBuildConfiguration;
			buildSettings = {
				ASSETCATALOG_COMPILER_APPICON_NAME = AppIcon;
				INFOPLIST_FILE = Multiples/Info.plist;
				LD_RUNPATH_SEARCH_PATHS = "$(inherited) @executable_path/Frameworks";
				PRODUCT_BUNDLE_IDENTIFIER = com.personal.Multiples;
				PRODUCT_NAME = "$(TARGET_NAME)";
			};
			name = Release;
		};
		2FE03E5F1D1A38EC0033813D /* Debug */ = {
			isa = XCBuildConfiguration;
			buildSettings = {
				BUNDLE_LOADER = "$(TEST_HOST)";
				INFOPLIST_FILE = MultiplesTests/Info.plist;
				LD_RUNPATH_SEARCH_PATHS = "$(inherited) @executable_path/Frameworks @loader_path/Frameworks";
				PRODUCT_BUNDLE_IDENTIFIER = com.personal.MultiplesTests;
				PRODUCT_NAME = "$(TARGET_NAME)";
				TEST_HOST = "$(BUILT_PRODUCTS_DIR)/Multiples.app/Multiples";
			};
			name = Debug;
		};
		2FE03E601D1A38EC0033813D /* Release */ = {
			isa = XCBuildConfiguration;
			buildSettings = {
				BUNDLE_LOADER = "$(TEST_HOST)";
				INFOPLIST_FILE = MultiplesTests/Info.plist;
				LD_RUNPATH_SEARCH_PATHS = "$(inherited) @executable_path/Frameworks @loader_path/Frameworks";
				PRODUCT_BUNDLE_IDENTIFIER = com.personal.MultiplesTests;
				PRODUCT_NAME = "$(TARGET_NAME)";
				TEST_HOST = "$(BUILT_PRODUCTS_DIR)/Multiples.app/Multiples";
			};
			name = Release;
		};
		2FE03E621D1A38EC0033813D /* Debug */ = {
			isa = XCBuildConfiguration;
			buildSettings = {
				INFOPLIST_FILE = MultiplesUITests/Info.plist;
				LD_RUNPATH_SEARCH_PATHS = "$(inherited) @executable_path/Frameworks @loader_path/Frameworks";
				PRODUCT_BUNDLE_IDENTIFIER = com.personal.MultiplesUITests;
				PRODUCT_NAME = "$(TARGET_NAME)";
				TEST_TARGET_NAME = Multiples;
				USES_XCTRUNNER = YES;
			};
			name = Debug;
		};
		2FE03E631D1A38EC0033813D /* Release */ = {
			isa = XCBuildConfiguration;
			buildSettings = {
				INFOPLIST_FILE = MultiplesUITests/Info.plist;
				LD_RUNPATH_SEARCH_PATHS = "$(inherited) @executable_path/Frameworks @loader_path/Frameworks";
				PRODUCT_BUNDLE_IDENTIFIER = com.personal.MultiplesUITests;
				PRODUCT_NAME = "$(TARGET_NAME)";
				TEST_TARGET_NAME = Multiples;
				USES_XCTRUNNER = YES;
			};
			name = Release;
		};
/* End XCBuildConfiguration section */

/* Begin XCConfigurationList section */
		2FE03E2B1D1A38EC0033813D /* Build configuration list for PBXProject "Multiples" */ = {
			isa = XCConfigurationList;
			buildConfigurations = (
				2FE03E591D1A38EC0033813D /* Debug */,
				2FE03E5A1D1A38EC0033813D /* Release */,
			);
			defaultConfigurationIsVisible = 0;
			defaultConfigurationName = Release;
		};
		2FE03E5B1D1A38EC0033813D /* Build configuration list for PBXNativeTarget "Multiples" */ = {
			isa = XCConfigurationList;
			buildConfigurations = (
				2FE03E5C1D1A38EC0033813D /* Debug */,
				2FE03E5D1D1A38EC0033813D /* Release */,
			);
			defaultConfigurationIsVisible = 0;
		};
		2FE03E5E1D1A38EC0033813D /* Build configuration list for PBXNativeTarget "MultiplesTests" */ = {
			isa = XCConfigurationList;
			buildConfigurations = (
				2FE03E5F1D1A38EC0033813D /* Debug */,
				2FE03E601D1A38EC0033813D /* Release */,
			);
			defaultConfigurationIsVisible = 0;
		};
		2FE03E611D1A38EC0033813D /* Build configuration list for PBXNativeTarget "MultiplesUITests" */ = {
			isa = XCConfigurationList;
			buildConfigurations = (
				2FE03E621D1A38EC0033813D /* Debug */,
				2FE03E631D1A38EC0033813D /* Release */,
			);
			defaultConfigurationIsVisible = 0;
		};
/* End XCConfigurationList section */

/* Begin XCVersionGroup section */
		2FE03E3A1D1A38EC0033813D /* Multiples.xcdatamodeld */ = {
			isa = XCVersionGroup;
			children = (
				2FE03E3B1D1A38EC0033813D /* Multiples.xcdatamodel */,
			);
			currentVersion = 2FE03E3B1D1A38EC0033813D /* Multiples.xcdatamodel */;
			path = Multiples.xcdatamodeld;
			sourceTree = "<group>";
			versionGroupType = wrapper.xcdatamodel;
		};
/* End XCVersionGroup section */
	};
	rootObject = 2FE03E281D1A38EC0033813D /* Project object */;
}
